
Microsoft Visual Studio Solution File, Format Version 12.00
# Visual Studio Version 16
VisualStudioVersion = 16.0.30204.135
MinimumVisualStudioVersion = 10.0.40219.1
Project("{9A19103F-16F7-4668-BE54-9A1E7A4F7556}") = "JpegLibrary", "src\JpegLibrary\JpegLibrary.csproj", "{F45CD165-6023-45C4-8838-67B80098BC6F}"
EndProject
Project("{2150E333-8FDC-42A3-9474-1A3956D46DE8}") = "Solution Items", "Solution Items", "{FC3F084D-13BF-4ABB-A286-E54F2411496D}"
	ProjectSection(SolutionItems) = preProject
		.editorconfig = .editorconfig
	EndProjectSection
EndProject
Project("{9A19103F-16F7-4668-BE54-9A1E7A4F7556}") = "JpegLibrary.Tests", "tests\JpegLibrary.Tests\JpegLibrary.Tests.csproj", "{D75FE471-5EFC-4B40-BA74-03801BBDABDA}"
EndProject
Project("{9A19103F-16F7-4668-BE54-9A1E7A4F7556}") = "JpegLibrary.Benchmarks", "tests\JpegLibrary.Benchmarks\JpegLibrary.Benchmarks.csproj", "{209ADD00-A300-4CCE-9303-70F7244FAD7A}"
EndProject
Project("{9A19103F-16F7-4668-BE54-9A1E7A4F7556}") = "JpegDebugDump", "apps\JpegDebugDump\JpegDebugDump.csproj", "{16199866-DEA3-42CC-AC1E-6D6C48711736}"
EndProject
Project("{FAE04EC0-301F-11D3-BF4B-00C04F79EFBC}") = "JpegDecode", "apps\JpegDecode\JpegDecode.csproj", "{BBEC36C9-30C9-4B07-B0C5-F0279D3A585E}"
EndProject
Project("{FAE04EC0-301F-11D3-BF4B-00C04F79EFBC}") = "JpegEncode", "apps\JpegEncode\JpegEncode.csproj", "{80BD56C2-1EEE-4FE8-857B-52EDDA4DB05B}"
EndProject
Global
	GlobalSection(SolutionConfigurationPlatforms) = preSolution
		Debug|Any CPU = Debug|Any CPU
		Release|Any CPU = Release|Any CPU
	EndGlobalSection
	GlobalSection(ProjectConfigurationPlatforms) = postSolution
		{F45CD165-6023-45C4-8838-67B80098BC6F}.Debug|Any CPU.ActiveCfg = Debug|Any CPU
		{F45CD165-6023-45C4-8838-67B80098BC6F}.Debug|Any CPU.Build.0 = Debug|Any CPU
		{F45CD165-6023-45C4-8838-67B80098BC6F}.Release|Any CPU.ActiveCfg = Release|Any CPU
		{F45CD165-6023-45C4-8838-67B80098BC6F}.Release|Any CPU.Build.0 = Release|Any CPU
		{D75FE471-5EFC-4B40-BA74-03801BBDABDA}.Debug|Any CPU.ActiveCfg = Debug|Any CPU
		{D75FE471-5EFC-4B40-BA74-03801BBDABDA}.Debug|Any CPU.Build.0 = Debug|Any CPU
		{D75FE471-5EFC-4B40-BA74-03801BBDABDA}.Release|Any CPU.ActiveCfg = Release|Any CPU
		{D75FE471-5EFC-4B40-BA74-03801BBDABDA}.Release|Any CPU.Build.0 = Release|Any CPU
		{209ADD00-A300-4CCE-9303-70F7244FAD7A}.Debug|Any CPU.ActiveCfg = Debug|Any CPU
		{209ADD00-A300-4CCE-9303-70F7244FAD7A}.Debug|Any CPU.Build.0 = Debug|Any CPU
		{209ADD00-A300-4CCE-9303-70F7244FAD7A}.Release|Any CPU.ActiveCfg = Release|Any CPU
		{209ADD00-A300-4CCE-9303-70F7244FAD7A}.Release|Any CPU.Build.0 = Release|Any CPU
		{16199866-DEA3-42CC-AC1E-6D6C48711736}.Debug|Any CPU.ActiveCfg = Debug|Any CPU
		{16199866-DEA3-42CC-AC1E-6D6C48711736}.Debug|Any CPU.Build.0 = Debug|Any CPU
		{16199866-DEA3-42CC-AC1E-6D6C48711736}.Release|Any CPU.ActiveCfg = Release|Any CPU
		{16199866-DEA3-42CC-AC1E-6D6C48711736}.Release|Any CPU.Build.0 = Release|Any CPU
		{BBEC36C9-30C9-4B07-B0C5-F0279D3A585E}.Debug|Any CPU.ActiveCfg = Debug|Any CPU
		{BBEC36C9-30C9-4B07-B0C5-F0279D3A585E}.Debug|Any CPU.Build.0 = Debug|Any CPU
		{BBEC36C9-30C9-4B07-B0C5-F0279D3A585E}.Release|Any CPU.ActiveCfg = Release|Any CPU
		{BBEC36C9-30C9-4B07-B0C5-F0279D3A585E}.Release|Any CPU.Build.0 = Release|Any CPU
		{80BD56C2-1EEE-4FE8-857B-52EDDA4DB05B}.Debug|Any CPU.ActiveCfg = Debug|Any CPU
		{80BD56C2-1EEE-4FE8-857B-52EDDA4DB05B}.Debug|Any CPU.Build.0 = Debug|Any CPU
		{80BD56C2-1EEE-4FE8-857B-52EDDA4DB05B}.Release|Any CPU.ActiveCfg = Release|Any CPU
		{80BD56C2-1EEE-4FE8-857B-52EDDA4DB05B}.Release|Any CPU.Build.0 = Release|Any CPU
	EndGlobalSection
	GlobalSection(SolutionProperties) = preSolution
		HideSolutionNode = FALSE
	EndGlobalSection
	GlobalSection(ExtensibilityGlobals) = postSolution
		SolutionGuid = {DA846DC9-684F-4F5D-A93A-8B4AA4535806}
	EndGlobalSection
EndGlobal
